
Microsoft Visual Studio Solution File, Format Version 12.00
# Visual Studio Version 16
VisualStudioVersion = 16.0.31729.503
MinimumVisualStudioVersion = 10.0.40219.1
Project("{FAE04EC0-301F-11D3-BF4B-00C04F79EFBC}") = "FlightBookingSystem", "FlightBookingSystem.csproj", "{D4C92F47-5916-4F44-BD6F-6974C0E1577E}"
EndProject
Global
	GlobalSection(SolutionConfigurationPlatforms) = preSolution
		Debug|Any CPU = Debug|Any CPU
		Release|Any CPU = Release|Any CPU
	EndGlobalSection
	GlobalSection(ProjectConfigurationPlatforms) = postSolution
		{D4C92F47-5916-4F44-BD6F-6974C0E1577E}.Debug|Any CPU.ActiveCfg = Debug|Any CPU
		{D4C92F47-5916-4F44-BD6F-6974C0E1577E}.Debug|Any CPU.Build.0 = Debug|Any CPU
		{D4C92F47-5916-4F44-BD6F-6974C0E1577E}.Release|Any CPU.ActiveCfg = Release|Any CPU
		{D4C92F47-5916-4F44-BD6F-6974C0E1577E}.Release|Any CPU.Build.0 = Release|Any CPU
	EndGlobalSection
	GlobalSection(SolutionProperties) = preSolution
		HideSolutionNode = FALSE
	EndGlobalSection
	GlobalSection(ExtensibilityGlobals) = postSolution
		SolutionGuid = {77347F5B-C283-415C-8DE4-5220466812C3}
	EndGlobalSection
EndGlobal
